
Microsoft Visual Studio Solution File, Format Version 12.00
# Visual Studio Version 16
VisualStudioVersion = 16.0.31911.196
MinimumVisualStudioVersion = 10.0.40219.1
Project("{FAE04EC0-301F-11D3-BF4B-00C04F79EFBC}") = "apiUsuario", "apiUsuario\apiUsuario.csproj", "{2AAB96D2-5ABC-421F-BACE-6BB41AE68A1B}"
EndProject
Global
	GlobalSection(SolutionConfigurationPlatforms) = preSolution
		Debug|Any CPU = Debug|Any CPU
		Release|Any CPU = Release|Any CPU
	EndGlobalSection
	GlobalSection(ProjectConfigurationPlatforms) = postSolution
		{2AAB96D2-5ABC-421F-BACE-6BB41AE68A1B}.Debug|Any CPU.ActiveCfg = Debug|Any CPU
		{2AAB96D2-5ABC-421F-BACE-6BB41AE68A1B}.Debug|Any CPU.Build.0 = Debug|Any CPU
		{2AAB96D2-5ABC-421F-BACE-6BB41AE68A1B}.Release|Any CPU.ActiveCfg = Release|Any CPU
		{2AAB96D2-5ABC-421F-BACE-6BB41AE68A1B}.Release|Any CPU.Build.0 = Release|Any CPU
	EndGlobalSection
	GlobalSection(SolutionProperties) = preSolution
		HideSolutionNode = FALSE
	EndGlobalSection
	GlobalSection(ExtensibilityGlobals) = postSolution
		SolutionGuid = {DDC8638D-D6E5-47A4-8400-7BB75DE33F3E}
	EndGlobalSection
EndGlobal
